// !$*UTF8*$!
{
	archiveVersion = 1;
	classes = {
	};
	objectVersion = 46;
	objects = {

/* Begin PBXBuildFile section */
		10D5B6041B50EE1B000D723F /* main.m in Sources */ = {isa = PBXBuildFile; fileRef = 10D5B6031B50EE1B000D723F /* main.m */; };
		10D5B6071B50EE1B000D723F /* AppDelegate.m in Sources */ = {isa = PBXBuildFile; fileRef = 10D5B6061B50EE1B000D723F /* AppDelegate.m */; };
		10D5B60A1B50EE1B000D723F /* FirstViewController.m in Sources */ = {isa = PBXBuildFile; fileRef = 10D5B6091B50EE1B000D723F /* FirstViewController.m */; };
		10D5B60D1B50EE1B000D723F /* SecondViewController.m in Sources */ = {isa = PBXBuildFile; fileRef = 10D5B60C1B50EE1B000D723F /* SecondViewController.m */; };
		10D5B6101B50EE1B000D723F /* Main.storyboard in Resources */ = {isa = PBXBuildFile; fileRef = 10D5B60E1B50EE1B000D723F /* Main.storyboard */; };
		10D5B6121B50EE1B000D723F /* Images.xcassets in Resources */ = {isa = PBXBuildFile; fileRef = 10D5B6111B50EE1B000D723F /* Images.xcassets */; };
		10D5B6151B50EE1B000D723F /* LaunchScreen.xib in Resources */ = {isa = PBXBuildFile; fileRef = 10D5B6131B50EE1B000D723F /* LaunchScreen.xib */; };
		10D5B6211B50EE1B000D723F /* XianBicycleTests.m in Sources */ = {isa = PBXBuildFile; fileRef = 10D5B6201B50EE1B000D723F /* XianBicycleTests.m */; };
		35A7B1AF2BF61F07C3F02B4A /* libPods-XianBicycle.a in Frameworks */ = {isa = PBXBuildFile; fileRef = 0D1954950CADA627EE01B30A /* libPods-XianBicycle.a */; };
/* End PBXBuildFile section */

/* Begin PBXContainerItemProxy section */
		10D5B61B1B50EE1B000D723F /* PBXContainerItemProxy */ = {
			isa = PBXContainerItemProxy;
			containerPortal = 10D5B5F61B50EE1B000D723F /* Project object */;
			proxyType = 1;
			remoteGlobalIDString = 10D5B5FD1B50EE1B000D723F;
			remoteInfo = XianBicycle;
		};
/* End PBXContainerItemProxy section */

/* Begin PBXFileReference section */
		0D1954950CADA627EE01B30A /* libPods-XianBicycle.a */ = {isa = PBXFileReference; explicitFileType = archive.ar; includeInIndex = 0; path = "libPods-XianBicycle.a"; sourceTree = BUILT_PRODUCTS_DIR; };
		10D5B5FE1B50EE1B000D723F /* XianBicycle.app */ = {isa = PBXFileReference; explicitFileType = wrapper.application; includeInIndex = 0; path = XianBicycle.app; sourceTree = BUILT_PRODUCTS_DIR; };
		10D5B6021B50EE1B000D723F /* Info.plist */ = {isa = PBXFileReference; lastKnownFileType = text.plist.xml; path = Info.plist; sourceTree = "<group>"; };
		10D5B6031B50EE1B000D723F /* main.m */ = {isa = PBXFileReference; lastKnownFileType = sourcecode.c.objc; path = main.m; sourceTree = "<group>"; };
		10D5B6051B50EE1B000D723F /* AppDelegate.h */ = {isa = PBXFileReference; lastKnownFileType = sourcecode.c.h; path = AppDelegate.h; sourceTree = "<group>"; };
		10D5B6061B50EE1B000D723F /* AppDelegate.m */ = {isa = PBXFileReference; lastKnownFileType = sourcecode.c.objc; path = AppDelegate.m; sourceTree = "<group>"; };
		10D5B6081B50EE1B000D723F /* FirstViewController.h */ = {isa = PBXFileReference; lastKnownFileType = sourcecode.c.h; path = FirstViewController.h; sourceTree = "<group>"; };
		10D5B6091B50EE1B000D723F /* FirstViewController.m */ = {isa = PBXFileReference; lastKnownFileType = sourcecode.c.objc; path = FirstViewController.m; sourceTree = "<group>"; };
		10D5B60B1B50EE1B000D723F /* SecondViewController.h */ = {isa = PBXFileReference; lastKnownFileType = sourcecode.c.h; path = SecondViewController.h; sourceTree = "<group>"; };
		10D5B60C1B50EE1B000D723F /* SecondViewController.m */ = {isa = PBXFileReference; lastKnownFileType = sourcecode.c.objc; path = SecondViewController.m; sourceTree = "<group>"; };
		10D5B60F1B50EE1B000D723F /* Base */ = {isa = PBXFileReference; lastKnownFileType = file.storyboard; name = Base; path = Base.lproj/Main.storyboard; sourceTree = "<group>"; };
		10D5B6111B50EE1B000D723F /* Images.xcassets */ = {isa = PBXFileReference; lastKnownFileType = folder.assetcatalog; path = Images.xcassets; sourceTree = "<group>"; };
		10D5B6141B50EE1B000D723F /* Base */ = {isa = PBXFileReference; lastKnownFileType = file.xib; name = Base; path = Base.lproj/LaunchScreen.xib; sourceTree = "<group>"; };
		10D5B61A1B50EE1B000D723F /* XianBicycleTests.xctest */ = {isa = PBXFileReference; explicitFileType = wrapper.cfbundle; includeInIndex = 0; path = XianBicycleTests.xctest; sourceTree = BUILT_PRODUCTS_DIR; };
		10D5B61F1B50EE1B000D723F /* Info.plist */ = {isa = PBXFileReference; lastKnownFileType = text.plist.xml; path = Info.plist; sourceTree = "<group>"; };
		10D5B6201B50EE1B000D723F /* XianBicycleTests.m */ = {isa = PBXFileReference; lastKnownFileType = sourcecode.c.objc; path = XianBicycleTests.m; sourceTree = "<group>"; };
		2CAD465CA2CD788A8E57CA3F /* Pods-XianBicycle.debug.xcconfig */ = {isa = PBXFileReference; includeInIndex = 1; lastKnownFileType = text.xcconfig; name = "Pods-XianBicycle.debug.xcconfig"; path = "Pods/Target Support Files/Pods-XianBicycle/Pods-XianBicycle.debug.xcconfig"; sourceTree = "<group>"; };
		68709D92BDA3656259322C4A /* Pods-XianBicycle.release.xcconfig */ = {isa = PBXFileReference; includeInIndex = 1; lastKnownFileType = text.xcconfig; name = "Pods-XianBicycle.release.xcconfig"; path = "Pods/Target Support Files/Pods-XianBicycle/Pods-XianBicycle.release.xcconfig"; sourceTree = "<group>"; };
/* End PBXFileReference section */

/* Begin PBXFrameworksBuildPhase section */
		10D5B5FB1B50EE1B000D723F /* Frameworks */ = {
			isa = PBXFrameworksBuildPhase;
			buildActionMask = 2147483647;
			files = (
				35A7B1AF2BF61F07C3F02B4A /* libPods-XianBicycle.a in Frameworks */,
			);
			runOnlyForDeploymentPostprocessing = 0;
		};
		10D5B6171B50EE1B000D723F /* Frameworks */ = {
			isa = PBXFrameworksBuildPhase;
			buildActionMask = 2147483647;
			files = (
			);
			runOnlyForDeploymentPostprocessing = 0;
		};
/* End PBXFrameworksBuildPhase section */

/* Begin PBXGroup section */
		1002E5FFD3A50CC0C93D38F4 /* Frameworks */ = {
			isa = PBXGroup;
			children = (
				0D1954950CADA627EE01B30A /* libPods-XianBicycle.a */,
			);
			name = Frameworks;
			sourceTree = "<group>";
		};
		10D5B5F51B50EE1B000D723F = {
			isa = PBXGroup;
			children = (
				10D5B6001B50EE1B000D723F /* XianBicycle */,
				10D5B61D1B50EE1B000D723F /* XianBicycleTests */,
				10D5B5FF1B50EE1B000D723F /* Products */,
				7234174ABC42C43B17890D66 /* Pods */,
				1002E5FFD3A50CC0C93D38F4 /* Frameworks */,
			);
			sourceTree = "<group>";
		};
		10D5B5FF1B50EE1B000D723F /* Products */ = {
			isa = PBXGroup;
			children = (
				10D5B5FE1B50EE1B000D723F /* XianBicycle.app */,
				10D5B61A1B50EE1B000D723F /* XianBicycleTests.xctest */,
			);
			name = Products;
			sourceTree = "<group>";
		};
		10D5B6001B50EE1B000D723F /* XianBicycle */ = {
			isa = PBXGroup;
			children = (
				10D5B6051B50EE1B000D723F /* AppDelegate.h */,
				10D5B6061B50EE1B000D723F /* AppDelegate.m */,
				10D5B6081B50EE1B000D723F /* FirstViewController.h */,
				10D5B6091B50EE1B000D723F /* FirstViewController.m */,
				10D5B60B1B50EE1B000D723F /* SecondViewController.h */,
				10D5B60C1B50EE1B000D723F /* SecondViewController.m */,
				10D5B60E1B50EE1B000D723F /* Main.storyboard */,
				10D5B6111B50EE1B000D723F /* Images.xcassets */,
				10D5B6131B50EE1B000D723F /* LaunchScreen.xib */,
				10D5B6011B50EE1B000D723F /* Supporting Files */,
			);
			path = XianBicycle;
			sourceTree = "<group>";
		};
		10D5B6011B50EE1B000D723F /* Supporting Files */ = {
			isa = PBXGroup;
			children = (
				10D5B6021B50EE1B000D723F /* Info.plist */,
				10D5B6031B50EE1B000D723F /* main.m */,
			);
			name = "Supporting Files";
			sourceTree = "<group>";
		};
		10D5B61D1B50EE1B000D723F /* XianBicycleTests */ = {
			isa = PBXGroup;
			children = (
				10D5B6201B50EE1B000D723F /* XianBicycleTests.m */,
				10D5B61E1B50EE1B000D723F /* Supporting Files */,
			);
			path = XianBicycleTests;
			sourceTree = "<group>";
		};
		10D5B61E1B50EE1B000D723F /* Supporting Files */ = {
			isa = PBXGroup;
			children = (
				10D5B61F1B50EE1B000D723F /* Info.plist */,
			);
			name = "Supporting Files";
			sourceTree = "<group>";
		};
		7234174ABC42C43B17890D66 /* Pods */ = {
			isa = PBXGroup;
			children = (
				2CAD465CA2CD788A8E57CA3F /* Pods-XianBicycle.debug.xcconfig */,
				68709D92BDA3656259322C4A /* Pods-XianBicycle.release.xcconfig */,
			);
			name = Pods;
			sourceTree = "<group>";
		};
/* End PBXGroup section */

/* Begin PBXNativeTarget section */
		10D5B5FD1B50EE1B000D723F /* XianBicycle */ = {
			isa = PBXNativeTarget;
			buildConfigurationList = 10D5B6241B50EE1B000D723F /* Build configuration list for PBXNativeTarget "XianBicycle" */;
			buildPhases = (
				665A823A682BE622D27CA035 /* Check Pods Manifest.lock */,
				10D5B5FA1B50EE1B000D723F /* Sources */,
				10D5B5FB1B50EE1B000D723F /* Frameworks */,
				10D5B5FC1B50EE1B000D723F /* Resources */,
				8148A84C2375D8EFA399177A /* Copy Pods Resources */,
			);
			buildRules = (
			);
			dependencies = (
			);
			name = XianBicycle;
			productName = XianBicycle;
			productReference = 10D5B5FE1B50EE1B000D723F /* XianBicycle.app */;
			productType = "com.apple.product-type.application";
		};
		10D5B6191B50EE1B000D723F /* XianBicycleTests */ = {
			isa = PBXNativeTarget;
			buildConfigurationList = 10D5B6271B50EE1B000D723F /* Build configuration list for PBXNativeTarget "XianBicycleTests" */;
			buildPhases = (
				10D5B6161B50EE1B000D723F /* Sources */,
				10D5B6171B50EE1B000D723F /* Frameworks */,
				10D5B6181B50EE1B000D723F /* Resources */,
			);
			buildRules = (
			);
			dependencies = (
				10D5B61C1B50EE1B000D723F /* PBXTargetDependency */,
			);
			name = XianBicycleTests;
			productName = XianBicycleTests;
			productReference = 10D5B61A1B50EE1B000D723F /* XianBicycleTests.xctest */;
			productType = "com.apple.product-type.bundle.unit-test";
		};
/* End PBXNativeTarget section */

/* Begin PBXProject section */
		10D5B5F61B50EE1B000D723F /* Project object */ = {
			isa = PBXProject;
			attributes = {
				LastUpgradeCheck = 0640;
				ORGANIZATIONNAME = ZhangShuai;
				TargetAttributes = {
					10D5B5FD1B50EE1B000D723F = {
						CreatedOnToolsVersion = 6.4;
					};
					10D5B6191B50EE1B000D723F = {
						CreatedOnToolsVersion = 6.4;
						TestTargetID = 10D5B5FD1B50EE1B000D723F;
					};
				};
			};
			buildConfigurationList = 10D5B5F91B50EE1B000D723F /* Build configuration list for PBXProject "XianBicycle" */;
			compatibilityVersion = "Xcode 3.2";
			developmentRegion = English;
			hasScannedForEncodings = 0;
			knownRegions = (
				en,
				Base,
			);
			mainGroup = 10D5B5F51B50EE1B000D723F;
			productRefGroup = 10D5B5FF1B50EE1B000D723F /* Products */;
			projectDirPath = "";
			projectRoot = "";
			targets = (
				10D5B5FD1B50EE1B000D723F /* XianBicycle */,
				10D5B6191B50EE1B000D723F /* XianBicycleTests */,
			);
		};
/* End PBXProject section */

/* Begin PBXResourcesBuildPhase section */
		10D5B5FC1B50EE1B000D723F /* Resources */ = {
			isa = PBXResourcesBuildPhase;
			buildActionMask = 2147483647;
			files = (
				10D5B6101B50EE1B000D723F /* Main.storyboard in Resources */,
				10D5B6151B50EE1B000D723F /* LaunchScreen.xib in Resources */,
				10D5B6121B50EE1B000D723F /* Images.xcassets in Resources */,
			);
			runOnlyForDeploymentPostprocessing = 0;
		};
		10D5B6181B50EE1B000D723F /* Resources */ = {
			isa = PBXResourcesBuildPhase;
			buildActionMask = 2147483647;
			files = (
			);
			runOnlyForDeploymentPostprocessing = 0;
		};
/* End PBXResourcesBuildPhase section */

/* Begin PBXShellScriptBuildPhase section */
		665A823A682BE622D27CA035 /* Check Pods Manifest.lock */ = {
			isa = PBXShellScriptBuildPhase;
			buildActionMask = 2147483647;
			files = (
			);
			inputPaths = (
			);
			name = "Check Pods Manifest.lock";
			outputPaths = (
			);
			runOnlyForDeploymentPostprocessing = 0;
			shellPath = /bin/sh;
			shellScript = "diff \"${PODS_ROOT}/../Podfile.lock\" \"${PODS_ROOT}/Manifest.lock\" > /dev/null\nif [[ $? != 0 ]] ; then\n    cat << EOM\nerror: The sandbox is not in sync with the Podfile.lock. Run 'pod install' or update your CocoaPods installation.\nEOM\n    exit 1\nfi\n";
			showEnvVarsInLog = 0;
		};
		8148A84C2375D8EFA399177A /* Copy Pods Resources */ = {
			isa = PBXShellScriptBuildPhase;
			buildActionMask = 2147483647;
			files = (
			);
			inputPaths = (
			);
			name = "Copy Pods Resources";
			outputPaths = (
			);
			runOnlyForDeploymentPostprocessing = 0;
			shellPath = /bin/sh;
			shellScript = "\"${SRCROOT}/Pods/Target Support Files/Pods-XianBicycle/Pods-XianBicycle-resources.sh\"\n";
			showEnvVarsInLog = 0;
		};
/* End PBXShellScriptBuildPhase section */

/* Begin PBXSourcesBuildPhase section */
		10D5B5FA1B50EE1B000D723F /* Sources */ = {
			isa = PBXSourcesBuildPhase;
			buildActionMask = 2147483647;
			files = (
				10D5B60D1B50EE1B000D723F /* SecondViewController.m in Sources */,
				10D5B6071B50EE1B000D723F /* AppDelegate.m in Sources */,
				10D5B60A1B50EE1B000D723F /* FirstViewController.m in Sources */,
				10D5B6041B50EE1B000D723F /* main.m in Sources */,
			);
			runOnlyForDeploymentPostprocessing = 0;
		};
		10D5B6161B50EE1B000D723F /* Sources */ = {
			isa = PBXSourcesBuildPhase;
			buildActionMask = 2147483647;
			files = (
				10D5B6211B50EE1B000D723F /* XianBicycleTests.m in Sources */,
			);
			runOnlyForDeploymentPostprocessing = 0;
		};
/* End PBXSourcesBuildPhase section */

/* Begin PBXTargetDependency section */
		10D5B61C1B50EE1B000D723F /* PBXTargetDependency */ = {
			isa = PBXTargetDependency;
			target = 10D5B5FD1B50EE1B000D723F /* XianBicycle */;
			targetProxy = 10D5B61B1B50EE1B000D723F /* PBXContainerItemProxy */;
		};
/* End PBXTargetDependency section */

/* Begin PBXVariantGroup section */
		10D5B60E1B50EE1B000D723F /* Main.storyboard */ = {
			isa = PBXVariantGroup;
			children = (
				10D5B60F1B50EE1B000D723F /* Base */,
			);
			name = Main.storyboard;
			sourceTree = "<group>";
		};
		10D5B6131B50EE1B000D723F /* LaunchScreen.xib */ = {
			isa = PBXVariantGroup;
			children = (
				10D5B6141B50EE1B000D723F /* Base */,
			);
			name = LaunchScreen.xib;
			sourceTree = "<group>";
		};
/* End PBXVariantGroup section */

/* Begin XCBuildConfiguration section */
		10D5B6221B50EE1B000D723F /* Debug */ = {
			isa = XCBuildConfiguration;
			buildSettings = {
				ALWAYS_SEARCH_USER_PATHS = NO;
				CLANG_CXX_LANGUAGE_STANDARD = "gnu++0x";
				CLANG_CXX_LIBRARY = "libc++";
				CLANG_ENABLE_MODULES = YES;
				CLANG_ENABLE_OBJC_ARC = YES;
				CLANG_WARN_BOOL_CONVERSION = YES;
				CLANG_WARN_CONSTANT_CONVERSION = YES;
				CLANG_WARN_DIRECT_OBJC_ISA_USAGE = YES_ERROR;
				CLANG_WARN_EMPTY_BODY = YES;
				CLANG_WARN_ENUM_CONVERSION = YES;
				CLANG_WARN_INT_CONVERSION = YES;
				CLANG_WARN_OBJC_ROOT_CLASS = YES_ERROR;
				CLANG_WARN_UNREACHABLE_CODE = YES;
				CLANG_WARN__DUPLICATE_METHOD_MATCH = YES;
				"CODE_SIGN_IDENTITY[sdk=iphoneos*]" = "iPhone Developer";
				COPY_PHASE_STRIP = NO;
				DEBUG_INFORMATION_FORMAT = "dwarf-with-dsym";
				ENABLE_STRICT_OBJC_MSGSEND = YES;
				GCC_C_LANGUAGE_STANDARD = gnu99;
				GCC_DYNAMIC_NO_PIC = NO;
				GCC_NO_COMMON_BLOCKS = YES;
				GCC_OPTIMIZATION_LEVEL = 0;
				GCC_PREPROCESSOR_DEFINITIONS = (
					"DEBUG=1",
					"$(inherited)",
				);
				GCC_SYMBOLS_PRIVATE_EXTERN = NO;
				GCC_WARN_64_TO_32_BIT_CONVERSION = YES;
				GCC_WARN_ABOUT_RETURN_TYPE = YES_ERROR;
				GCC_WARN_UNDECLARED_SELECTOR = YES;
				GCC_WARN_UNINITIALIZED_AUTOS = YES_AGGRESSIVE;
				GCC_WARN_UNUSED_FUNCTION = YES;
				GCC_WARN_UNUSED_VARIABLE = YES;
				IPHONEOS_DEPLOYMENT_TARGET = 8.4;
				MTL_ENABLE_DEBUG_INFO = YES;
				ONLY_ACTIVE_ARCH = YES;
				SDKROOT = iphoneos;
			};
			name = Debug;
		};
		10D5B6231B50EE1B000D723F /* Release */ = {
			isa = XCBuildConfiguration;
			buildSettings = {
				ALWAYS_SEARCH_USER_PATHS = NO;
				CLANG_CXX_LANGUAGE_STANDARD = "gnu++0x";
				CLANG_CXX_LIBRARY = "libc++";
				CLANG_ENABLE_MODULES = YES;
				CLANG_ENABLE_OBJC_ARC = YES;
				CLANG_WARN_BOOL_CONVERSION = YES;
				CLANG_WARN_CONSTANT_CONVERSION = YES;
				CLANG_WARN_DIRECT_OBJC_ISA_USAGE = YES_ERROR;
				CLANG_WARN_EMPTY_BODY = YES;
				CLANG_WARN_ENUM_CONVERSION = YES;
				CLANG_WARN_INT_CONVERSION = YES;
				CLANG_WARN_OBJC_ROOT_CLASS = YES_ERROR;
				CLANG_WARN_UNREACHABLE_CODE = YES;
				CLANG_WARN__DUPLICATE_METHOD_MATCH = YES;
				"CODE_SIGN_IDENTITY[sdk=iphoneos*]" = "iPhone Developer";
				COPY_PHASE_STRIP = NO;
				DEBUG_INFORMATION_FORMAT = "dwarf-with-dsym";
				ENABLE_NS_ASSERTIONS = NO;
				ENABLE_STRICT_OBJC_MSGSEND = YES;
				GCC_C_LANGUAGE_STANDARD = gnu99;
				GCC_NO_COMMON_BLOCKS = YES;
				GCC_WARN_64_TO_32_BIT_CONVERSION = YES;
				GCC_WARN_ABOUT_RETURN_TYPE = YES_ERROR;
				GCC_WARN_UNDECLARED_SELECTOR = YES;
				GCC_WARN_UNINITIALIZED_AUTOS = YES_AGGRESSIVE;
				GCC_WARN_UNUSED_FUNCTION = YES;
				GCC_WARN_UNUSED_VARIABLE = YES;
				IPHONEOS_DEPLOYMENT_TARGET = 8.4;
				MTL_ENABLE_DEBUG_INFO = NO;
				SDKROOT = iphoneos;
				VALIDATE_PRODUCT = YES;
			};
			name = Release;
		};
		10D5B6251B50EE1B000D723F /* Debug */ = {
			isa = XCBuildConfiguration;
			baseConfigurationReference = 2CAD465CA2CD788A8E57CA3F /* Pods-XianBicycle.debug.xcconfig */;
			buildSettings = {
				ASSETCATALOG_COMPILER_APPICON_NAME = AppIcon;
				INFOPLIST_FILE = XianBicycle/Info.plist;
				LD_RUNPATH_SEARCH_PATHS = "$(inherited) @executable_path/Frameworks";
				PRODUCT_NAME = "$(TARGET_NAME)";
			};
			name = Debug;
		};
		10D5B6261B50EE1B000D723F /* Release */ = {
			isa = XCBuildConfiguration;
			baseConfigurationReference = 68709D92BDA3656259322C4A /* Pods-XianBicycle.release.xcconfig */;
			buildSettings = {
				ASSETCATALOG_COMPILER_APPICON_NAME = AppIcon;
				INFOPLIST_FILE = XianBicycle/Info.plist;
				LD_RUNPATH_SEARCH_PATHS = "$(inherited) @executable_path/Frameworks";
				PRODUCT_NAME = "$(TARGET_NAME)";
			};
			name = Release;
		};
		10D5B6281B50EE1B000D723F /* Debug */ = {
			isa = XCBuildConfiguration;
			buildSettings = {
				BUNDLE_LOADER = "$(TEST_HOST)";
				FRAMEWORK_SEARCH_PATHS = (
					"$(SDKROOT)/Developer/Library/Frameworks",
					"$(inherited)",
				);
				GCC_PREPROCESSOR_DEFINITIONS = (
					"DEBUG=1",
					"$(inherited)",
				);
				INFOPLIST_FILE = XianBicycleTests/Info.plist;
				LD_RUNPATH_SEARCH_PATHS = "$(inherited) @executable_path/Frameworks @loader_path/Frameworks";
				PRODUCT_NAME = "$(TARGET_NAME)";
				TEST_HOST = "$(BUILT_PRODUCTS_DIR)/XianBicycle.app/XianBicycle";
			};
			name = Debug;
		};
		10D5B6291B50EE1B000D723F /* Release */ = {
			isa = XCBuildConfiguration;
			buildSettings = {
				BUNDLE_LOADER = "$(TEST_HOST)";
				FRAMEWORK_SEARCH_PATHS = (
					"$(SDKROOT)/Developer/Library/Frameworks",
					"$(inherited)",
				);
				INFOPLIST_FILE = XianBicycleTests/Info.plist;
				LD_RUNPATH_SEARCH_PATHS = "$(inherited) @executable_path/Frameworks @loader_path/Frameworks";
				PRODUCT_NAME = "$(TARGET_NAME)";
				TEST_HOST = "$(BUILT_PRODUCTS_DIR)/XianBicycle.app/XianBicycle";
			};
			name = Release;
		};
/* End XCBuildConfiguration section */

/* Begin XCConfigurationList section */
		10D5B5F91B50EE1B000D723F /* Build configuration list for PBXProject "XianBicycle" */ = {
			isa = XCConfigurationList;
			buildConfigurations = (
				10D5B6221B50EE1B000D723F /* Debug */,
				10D5B6231B50EE1B000D723F /* Release */,
			);
			defaultConfigurationIsVisible = 0;
			defaultConfigurationName = Release;
		};
		10D5B6241B50EE1B000D723F /* Build configuration list for PBXNativeTarget "XianBicycle" */ = {
			isa = XCConfigurationList;
			buildConfigurations = (
				10D5B6251B50EE1B000D723F /* Debug */,
				10D5B6261B50EE1B000D723F /* Release */,
			);
			defaultConfigurationIsVisible = 0;
			defaultConfigurationName = Release;
		};
		10D5B6271B50EE1B000D723F /* Build configuration list for PBXNativeTarget "XianBicycleTests" */ = {
			isa = XCConfigurationList;
			buildConfigurations = (
				10D5B6281B50EE1B000D723F /* Debug */,
				10D5B6291B50EE1B000D723F /* Release */,
			);
			defaultConfigurationIsVisible = 0;
			defaultConfigurationName = Release;
		};
/* End XCConfigurationList section */
	};
	rootObject = 10D5B5F61B50EE1B000D723F /* Project object */;
}
